
Microsoft Visual Studio Solution File, Format Version 12.00
Project("{FAE04EC0-301F-11D3-BF4B-00C04F79EFBC}") = "CdIts.Caffoa.GeoJson", "CdIts.Caffoa.GeoJson\CdIts.Caffoa.GeoJson.csproj", "{5AE3F1ED-01DF-4531-970C-02711B4F8146}"
EndProject
Project("{2150E333-8FDC-42A3-9474-1A3956D46DE8}") = "SolutionItems", "SolutionItems", "{70887EC4-D115-4070-A88B-26E9DB4BDBD1}"
	ProjectSection(SolutionItems) = preProject
		README.md = README.md
		.github\workflows\build.yml = .github\workflows\build.yml
		.github\workflows\publish.yml = .github\workflows\publish.yml
		openapi\geoJson.yml = openapi\geoJson.yml
	EndProjectSection
EndProject
Global
	GlobalSection(SolutionConfigurationPlatforms) = preSolution
		Debug|Any CPU = Debug|Any CPU
		Release|Any CPU = Release|Any CPU
	EndGlobalSection
	GlobalSection(ProjectConfigurationPlatforms) = postSolution
		{5AE3F1ED-01DF-4531-970C-02711B4F8146}.Debug|Any CPU.ActiveCfg = Debug|Any CPU
		{5AE3F1ED-01DF-4531-970C-02711B4F8146}.Debug|Any CPU.Build.0 = Debug|Any CPU
		{5AE3F1ED-01DF-4531-970C-02711B4F8146}.Release|Any CPU.ActiveCfg = Release|Any CPU
		{5AE3F1ED-01DF-4531-970C-02711B4F8146}.Release|Any CPU.Build.0 = Release|Any CPU
	EndGlobalSection
EndGlobal
